// !$*UTF8*$!
{
	archiveVersion = 1;
	classes = {
	};
	objectVersion = 56;
	objects = {

/* Begin PBXBuildFile section */
		05A89B6F29736B9D00E484DB /* AppDelegate.swift in Sources */ = {isa = PBXBuildFile; fileRef = 05A89B6E29736B9D00E484DB /* AppDelegate.swift */; };
		05A89B7129736B9D00E484DB /* SceneDelegate.swift in Sources */ = {isa = PBXBuildFile; fileRef = 05A89B7029736B9D00E484DB /* SceneDelegate.swift */; };
		05A89B7329736B9D00E484DB /* ViewController.swift in Sources */ = {isa = PBXBuildFile; fileRef = 05A89B7229736B9D00E484DB /* ViewController.swift */; };
		05A89B7629736B9D00E484DB /* Main.storyboard in Resources */ = {isa = PBXBuildFile; fileRef = 05A89B7429736B9D00E484DB /* Main.storyboard */; };
		05A89B7829736B9F00E484DB /* Assets.xcassets in Resources */ = {isa = PBXBuildFile; fileRef = 05A89B7729736B9F00E484DB /* Assets.xcassets */; };
		05A89B7B29736B9F00E484DB /* LaunchScreen.storyboard in Resources */ = {isa = PBXBuildFile; fileRef = 05A89B7929736B9F00E484DB /* LaunchScreen.storyboard */; };
		05A89B8629736B9F00E484DB /* I_am_poorTests.swift in Sources */ = {isa = PBXBuildFile; fileRef = 05A89B8529736B9F00E484DB /* I_am_poorTests.swift */; };
		05A89B9029736B9F00E484DB /* I_am_poorUITests.swift in Sources */ = {isa = PBXBuildFile; fileRef = 05A89B8F29736B9F00E484DB /* I_am_poorUITests.swift */; };
		05A89B9229736B9F00E484DB /* I_am_poorUITestsLaunchTests.swift in Sources */ = {isa = PBXBuildFile; fileRef = 05A89B9129736B9F00E484DB /* I_am_poorUITestsLaunchTests.swift */; };
/* End PBXBuildFile section */

/* Begin PBXContainerItemProxy section */
		05A89B8229736B9F00E484DB /* PBXContainerItemProxy */ = {
			isa = PBXContainerItemProxy;
			containerPortal = 05A89B6329736B9D00E484DB /* Project object */;
			proxyType = 1;
			remoteGlobalIDString = 05A89B6A29736B9D00E484DB;
			remoteInfo = "I am poor";
		};
		05A89B8C29736B9F00E484DB /* PBXContainerItemProxy */ = {
			isa = PBXContainerItemProxy;
			containerPortal = 05A89B6329736B9D00E484DB /* Project object */;
			proxyType = 1;
			remoteGlobalIDString = 05A89B6A29736B9D00E484DB;
			remoteInfo = "I am poor";
		};
/* End PBXContainerItemProxy section */

/* Begin PBXFileReference section */
		05A89B6B29736B9D00E484DB /* I am poor.app */ = {isa = PBXFileReference; explicitFileType = wrapper.application; includeInIndex = 0; path = "I am poor.app"; sourceTree = BUILT_PRODUCTS_DIR; };
		05A89B6E29736B9D00E484DB /* AppDelegate.swift */ = {isa = PBXFileReference; lastKnownFileType = sourcecode.swift; path = AppDelegate.swift; sourceTree = "<group>"; };
		05A89B7029736B9D00E484DB /* SceneDelegate.swift */ = {isa = PBXFileReference; lastKnownFileType = sourcecode.swift; path = SceneDelegate.swift; sourceTree = "<group>"; };
		05A89B7229736B9D00E484DB /* ViewController.swift */ = {isa = PBXFileReference; lastKnownFileType = sourcecode.swift; path = ViewController.swift; sourceTree = "<group>"; };
		05A89B7529736B9D00E484DB /* Base */ = {isa = PBXFileReference; lastKnownFileType = file.storyboard; name = Base; path = Base.lproj/Main.storyboard; sourceTree = "<group>"; };
		05A89B7729736B9F00E484DB /* Assets.xcassets */ = {isa = PBXFileReference; lastKnownFileType = folder.assetcatalog; path = Assets.xcassets; sourceTree = "<group>"; };
		05A89B7A29736B9F00E484DB /* Base */ = {isa = PBXFileReference; lastKnownFileType = file.storyboard; name = Base; path = Base.lproj/LaunchScreen.storyboard; sourceTree = "<group>"; };
		05A89B7C29736B9F00E484DB /* Info.plist */ = {isa = PBXFileReference; lastKnownFileType = text.plist.xml; path = Info.plist; sourceTree = "<group>"; };
		05A89B8129736B9F00E484DB /* I am poorTests.xctest */ = {isa = PBXFileReference; explicitFileType = wrapper.cfbundle; includeInIndex = 0; path = "I am poorTests.xctest"; sourceTree = BUILT_PRODUCTS_DIR; };
		05A89B8529736B9F00E484DB /* I_am_poorTests.swift */ = {isa = PBXFileReference; lastKnownFileType = sourcecode.swift; path = I_am_poorTests.swift; sourceTree = "<group>"; };
		05A89B8B29736B9F00E484DB /* I am poorUITests.xctest */ = {isa = PBXFileReference; explicitFileType = wrapper.cfbundle; includeInIndex = 0; path = "I am poorUITests.xctest"; sourceTree = BUILT_PRODUCTS_DIR; };
		05A89B8F29736B9F00E484DB /* I_am_poorUITests.swift */ = {isa = PBXFileReference; lastKnownFileType = sourcecode.swift; path = I_am_poorUITests.swift; sourceTree = "<group>"; };
		05A89B9129736B9F00E484DB /* I_am_poorUITestsLaunchTests.swift */ = {isa = PBXFileReference; lastKnownFileType = sourcecode.swift; path = I_am_poorUITestsLaunchTests.swift; sourceTree = "<group>"; };
/* End PBXFileReference section */

/* Begin PBXFrameworksBuildPhase section */
		05A89B6829736B9D00E484DB /* Frameworks */ = {
			isa = PBXFrameworksBuildPhase;
			buildActionMask = 2147483647;
			files = (
			);
			runOnlyForDeploymentPostprocessing = 0;
		};
		05A89B7E29736B9F00E484DB /* Frameworks */ = {
			isa = PBXFrameworksBuildPhase;
			buildActionMask = 2147483647;
			files = (
			);
			runOnlyForDeploymentPostprocessing = 0;
		};
		05A89B8829736B9F00E484DB /* Frameworks */ = {
			isa = PBXFrameworksBuildPhase;
			buildActionMask = 2147483647;
			files = (
			);
			runOnlyForDeploymentPostprocessing = 0;
		};
/* End PBXFrameworksBuildPhase section */

/* Begin PBXGroup section */
		05A89B6229736B9D00E484DB = {
			isa = PBXGroup;
			children = (
				05A89B6D29736B9D00E484DB /* I am poor */,
				05A89B8429736B9F00E484DB /* I am poorTests */,
				05A89B8E29736B9F00E484DB /* I am poorUITests */,
				05A89B6C29736B9D00E484DB /* Products */,
			);
			sourceTree = "<group>";
		};
		05A89B6C29736B9D00E484DB /* Products */ = {
			isa = PBXGroup;
			children = (
				05A89B6B29736B9D00E484DB /* I am poor.app */,
				05A89B8129736B9F00E484DB /* I am poorTests.xctest */,
				05A89B8B29736B9F00E484DB /* I am poorUITests.xctest */,
			);
			name = Products;
			sourceTree = "<group>";
		};
		05A89B6D29736B9D00E484DB /* I am poor */ = {
			isa = PBXGroup;
			children = (
				05A89B6E29736B9D00E484DB /* AppDelegate.swift */,
				05A89B7029736B9D00E484DB /* SceneDelegate.swift */,
				05A89B7229736B9D00E484DB /* ViewController.swift */,
				05A89B7429736B9D00E484DB /* Main.storyboard */,
				05A89B7729736B9F00E484DB /* Assets.xcassets */,
				05A89B7929736B9F00E484DB /* LaunchScreen.storyboard */,
				05A89B7C29736B9F00E484DB /* Info.plist */,
			);
			path = "I am poor";
			sourceTree = "<group>";
		};
		05A89B8429736B9F00E484DB /* I am poorTests */ = {
			isa = PBXGroup;
			children = (
				05A89B8529736B9F00E484DB /* I_am_poorTests.swift */,
			);
			path = "I am poorTests";
			sourceTree = "<group>";
		};
		05A89B8E29736B9F00E484DB /* I am poorUITests */ = {
			isa = PBXGroup;
			children = (
				05A89B8F29736B9F00E484DB /* I_am_poorUITests.swift */,
				05A89B9129736B9F00E484DB /* I_am_poorUITestsLaunchTests.swift */,
			);
			path = "I am poorUITests";
			sourceTree = "<group>";
		};
/* End PBXGroup section */

/* Begin PBXNativeTarget section */
		05A89B6A29736B9D00E484DB /* I am poor */ = {
			isa = PBXNativeTarget;
			buildConfigurationList = 05A89B9529736B9F00E484DB /* Build configuration list for PBXNativeTarget "I am poor" */;
			buildPhases = (
				05A89B6729736B9D00E484DB /* Sources */,
				05A89B6829736B9D00E484DB /* Frameworks */,
				05A89B6929736B9D00E484DB /* Resources */,
			);
			buildRules = (
			);
			dependencies = (
			);
			name = "I am poor";
			productName = "I am poor";
			productReference = 05A89B6B29736B9D00E484DB /* I am poor.app */;
			productType = "com.apple.product-type.application";
		};
		05A89B8029736B9F00E484DB /* I am poorTests */ = {
			isa = PBXNativeTarget;
			buildConfigurationList = 05A89B9829736B9F00E484DB /* Build configuration list for PBXNativeTarget "I am poorTests" */;
			buildPhases = (
				05A89B7D29736B9F00E484DB /* Sources */,
				05A89B7E29736B9F00E484DB /* Frameworks */,
				05A89B7F29736B9F00E484DB /* Resources */,
			);
			buildRules = (
			);
			dependencies = (
				05A89B8329736B9F00E484DB /* PBXTargetDependency */,
			);
			name = "I am poorTests";
			productName = "I am poorTests";
			productReference = 05A89B8129736B9F00E484DB /* I am poorTests.xctest */;
			productType = "com.apple.product-type.bundle.unit-test";
		};
		05A89B8A29736B9F00E484DB /* I am poorUITests */ = {
			isa = PBXNativeTarget;
			buildConfigurationList = 05A89B9B29736B9F00E484DB /* Build configuration list for PBXNativeTarget "I am poorUITests" */;
			buildPhases = (
				05A89B8729736B9F00E484DB /* Sources */,
				05A89B8829736B9F00E484DB /* Frameworks */,
				05A89B8929736B9F00E484DB /* Resources */,
			);
			buildRules = (
			);
			dependencies = (
				05A89B8D29736B9F00E484DB /* PBXTargetDependency */,
			);
			name = "I am poorUITests";
			productName = "I am poorUITests";
			productReference = 05A89B8B29736B9F00E484DB /* I am poorUITests.xctest */;
			productType = "com.apple.product-type.bundle.ui-testing";
		};
/* End PBXNativeTarget section */

/* Begin PBXProject section */
		05A89B6329736B9D00E484DB /* Project object */ = {
			isa = PBXProject;
			attributes = {
				BuildIndependentTargetsInParallel = 1;
				LastSwiftUpdateCheck = 1420;
				LastUpgradeCheck = 1420;
				TargetAttributes = {
					05A89B6A29736B9D00E484DB = {
						CreatedOnToolsVersion = 14.2;
					};
					05A89B8029736B9F00E484DB = {
						CreatedOnToolsVersion = 14.2;
						TestTargetID = 05A89B6A29736B9D00E484DB;
					};
					05A89B8A29736B9F00E484DB = {
						CreatedOnToolsVersion = 14.2;
						TestTargetID = 05A89B6A29736B9D00E484DB;
					};
				};
			};
			buildConfigurationList = 05A89B6629736B9D00E484DB /* Build configuration list for PBXProject "I am poor" */;
			compatibilityVersion = "Xcode 14.0";
			developmentRegion = en;
			hasScannedForEncodings = 0;
			knownRegions = (
				en,
				Base,
			);
			mainGroup = 05A89B6229736B9D00E484DB;
			productRefGroup = 05A89B6C29736B9D00E484DB /* Products */;
			projectDirPath = "";
			projectRoot = "";
			targets = (
				05A89B6A29736B9D00E484DB /* I am poor */,
				05A89B8029736B9F00E484DB /* I am poorTests */,
				05A89B8A29736B9F00E484DB /* I am poorUITests */,
			);
		};
/* End PBXProject section */

/* Begin PBXResourcesBuildPhase section */
		05A89B6929736B9D00E484DB /* Resources */ = {
			isa = PBXResourcesBuildPhase;
			buildActionMask = 2147483647;
			files = (
				05A89B7B29736B9F00E484DB /* LaunchScreen.storyboard in Resources */,
				05A89B7829736B9F00E484DB /* Assets.xcassets in Resources */,
				05A89B7629736B9D00E484DB /* Main.storyboard in Resources */,
			);
			runOnlyForDeploymentPostprocessing = 0;
		};
		05A89B7F29736B9F00E484DB /* Resources */ = {
			isa = PBXResourcesBuildPhase;
			buildActionMask = 2147483647;
			files = (
			);
			runOnlyForDeploymentPostprocessing = 0;
		};
		05A89B8929736B9F00E484DB /* Resources */ = {
			isa = PBXResourcesBuildPhase;
			buildActionMask = 2147483647;
			files = (
			);
			runOnlyForDeploymentPostprocessing = 0;
		};
/* End PBXResourcesBuildPhase section */

/* Begin PBXSourcesBuildPhase section */
		05A89B6729736B9D00E484DB /* Sources */ = {
			isa = PBXSourcesBuildPhase;
			buildActionMask = 2147483647;
			files = (
				05A89B7329736B9D00E484DB /* ViewController.swift in Sources */,
				05A89B6F29736B9D00E484DB /* AppDelegate.swift in Sources */,
				05A89B7129736B9D00E484DB /* SceneDelegate.swift in Sources */,
			);
			runOnlyForDeploymentPostprocessing = 0;
		};
		05A89B7D29736B9F00E484DB /* Sources */ = {
			isa = PBXSourcesBuildPhase;
			buildActionMask = 2147483647;
			files = (
				05A89B8629736B9F00E484DB /* I_am_poorTests.swift in Sources */,
			);
			runOnlyForDeploymentPostprocessing = 0;
		};
		05A89B8729736B9F00E484DB /* Sources */ = {
			isa = PBXSourcesBuildPhase;
			buildActionMask = 2147483647;
			files = (
				05A89B9229736B9F00E484DB /* I_am_poorUITestsLaunchTests.swift in Sources */,
				05A89B9029736B9F00E484DB /* I_am_poorUITests.swift in Sources */,
			);
			runOnlyForDeploymentPostprocessing = 0;
		};
/* End PBXSourcesBuildPhase section */

/* Begin PBXTargetDependency section */
		05A89B8329736B9F00E484DB /* PBXTargetDependency */ = {
			isa = PBXTargetDependency;
			target = 05A89B6A29736B9D00E484DB /* I am poor */;
			targetProxy = 05A89B8229736B9F00E484DB /* PBXContainerItemProxy */;
		};
		05A89B8D29736B9F00E484DB /* PBXTargetDependency */ = {
			isa = PBXTargetDependency;
			target = 05A89B6A29736B9D00E484DB /* I am poor */;
			targetProxy = 05A89B8C29736B9F00E484DB /* PBXContainerItemProxy */;
		};
/* End PBXTargetDependency section */

/* Begin PBXVariantGroup section */
		05A89B7429736B9D00E484DB /* Main.storyboard */ = {
			isa = PBXVariantGroup;
			children = (
				05A89B7529736B9D00E484DB /* Base */,
			);
			name = Main.storyboard;
			sourceTree = "<group>";
		};
		05A89B7929736B9F00E484DB /* LaunchScreen.storyboard */ = {
			isa = PBXVariantGroup;
			children = (
				05A89B7A29736B9F00E484DB /* Base */,
			);
			name = LaunchScreen.storyboard;
			sourceTree = "<group>";
		};
/* End PBXVariantGroup section */

/* Begin XCBuildConfiguration section */
		05A89B9329736B9F00E484DB /* Debug */ = {
			isa = XCBuildConfiguration;
			buildSettings = {
				ALWAYS_SEARCH_USER_PATHS = NO;
				CLANG_ANALYZER_NONNULL = YES;
				CLANG_ANALYZER_NUMBER_OBJECT_CONVERSION = YES_AGGRESSIVE;
				CLANG_CXX_LANGUAGE_STANDARD = "gnu++20";
				CLANG_ENABLE_MODULES = YES;
				CLANG_ENABLE_OBJC_ARC = YES;
				CLANG_ENABLE_OBJC_WEAK = YES;
				CLANG_WARN_BLOCK_CAPTURE_AUTORELEASING = YES;
				CLANG_WARN_BOOL_CONVERSION = YES;
				CLANG_WARN_COMMA = YES;
				CLANG_WARN_CONSTANT_CONVERSION = YES;
				CLANG_WARN_DEPRECATED_OBJC_IMPLEMENTATIONS = YES;
				CLANG_WARN_DIRECT_OBJC_ISA_USAGE = YES_ERROR;
				CLANG_WARN_DOCUMENTATION_COMMENTS = YES;
				CLANG_WARN_EMPTY_BODY = YES;
				CLANG_WARN_ENUM_CONVERSION = YES;
				CLANG_WARN_INFINITE_RECURSION = YES;
				CLANG_WARN_INT_CONVERSION = YES;
				CLANG_WARN_NON_LITERAL_NULL_CONVERSION = YES;
				CLANG_WARN_OBJC_IMPLICIT_RETAIN_SELF = YES;
				CLANG_WARN_OBJC_LITERAL_CONVERSION = YES;
				CLANG_WARN_OBJC_ROOT_CLASS = YES_ERROR;
				CLANG_WARN_QUOTED_INCLUDE_IN_FRAMEWORK_HEADER = YES;
				CLANG_WARN_RANGE_LOOP_ANALYSIS = YES;
				CLANG_WARN_STRICT_PROTOTYPES = YES;
				CLANG_WARN_SUSPICIOUS_MOVE = YES;
				CLANG_WARN_UNGUARDED_AVAILABILITY = YES_AGGRESSIVE;
				CLANG_WARN_UNREACHABLE_CODE = YES;
				CLANG_WARN__DUPLICATE_METHOD_MATCH = YES;
				COPY_PHASE_STRIP = NO;
				DEBUG_INFORMATION_FORMAT = dwarf;
				ENABLE_STRICT_OBJC_MSGSEND = YES;
				ENABLE_TESTABILITY = YES;
				GCC_C_LANGUAGE_STANDARD = gnu11;
				GCC_DYNAMIC_NO_PIC = NO;
				GCC_NO_COMMON_BLOCKS = YES;
				GCC_OPTIMIZATION_LEVEL = 0;
				GCC_PREPROCESSOR_DEFINITIONS = (
					"DEBUG=1",
					"$(inherited)",
				);
				GCC_WARN_64_TO_32_BIT_CONVERSION = YES;
				GCC_WARN_ABOUT_RETURN_TYPE = YES_ERROR;
				GCC_WARN_UNDECLARED_SELECTOR = YES;
				GCC_WARN_UNINITIALIZED_AUTOS = YES_AGGRESSIVE;
				GCC_WARN_UNUSED_FUNCTION = YES;
				GCC_WARN_UNUSED_VARIABLE = YES;
				IPHONEOS_DEPLOYMENT_TARGET = 16.2;
				MTL_ENABLE_DEBUG_INFO = INCLUDE_SOURCE;
				MTL_FAST_MATH = YES;
				ONLY_ACTIVE_ARCH = YES;
				SDKROOT = iphoneos;
				SWIFT_ACTIVE_COMPILATION_CONDITIONS = DEBUG;
				SWIFT_OPTIMIZATION_LEVEL = "-Onone";
			};
			name = Debug;
		};
		05A89B9429736B9F00E484DB /* Release */ = {
			isa = XCBuildConfiguration;
			buildSettings = {
				ALWAYS_SEARCH_USER_PATHS = NO;
				CLANG_ANALYZER_NONNULL = YES;
				CLANG_ANALYZER_NUMBER_OBJECT_CONVERSION = YES_AGGRESSIVE;
				CLANG_CXX_LANGUAGE_STANDARD = "gnu++20";
				CLANG_ENABLE_MODULES = YES;
				CLANG_ENABLE_OBJC_ARC = YES;
				CLANG_ENABLE_OBJC_WEAK = YES;
				CLANG_WARN_BLOCK_CAPTURE_AUTORELEASING = YES;
				CLANG_WARN_BOOL_CONVERSION = YES;
				CLANG_WARN_COMMA = YES;
				CLANG_WARN_CONSTANT_CONVERSION = YES;
				CLANG_WARN_DEPRECATED_OBJC_IMPLEMENTATIONS = YES;
				CLANG_WARN_DIRECT_OBJC_ISA_USAGE = YES_ERROR;
				CLANG_WARN_DOCUMENTATION_COMMENTS = YES;
				CLANG_WARN_EMPTY_BODY = YES;
				CLANG_WARN_ENUM_CONVERSION = YES;
				CLANG_WARN_INFINITE_RECURSION = YES;
				CLANG_WARN_INT_CONVERSION = YES;
				CLANG_WARN_NON_LITERAL_NULL_CONVERSION = YES;
				CLANG_WARN_OBJC_IMPLICIT_RETAIN_SELF = YES;
				CLANG_WARN_OBJC_LITERAL_CONVERSION = YES;
				CLANG_WARN_OBJC_ROOT_CLASS = YES_ERROR;
				CLANG_WARN_QUOTED_INCLUDE_IN_FRAMEWORK_HEADER = YES;
				CLANG_WARN_RANGE_LOOP_ANALYSIS = YES;
				CLANG_WARN_STRICT_PROTOTYPES = YES;
				CLANG_WARN_SUSPICIOUS_MOVE = YES;
				CLANG_WARN_UNGUARDED_AVAILABILITY = YES_AGGRESSIVE;
				CLANG_WARN_UNREACHABLE_CODE = YES;
				CLANG_WARN__DUPLICATE_METHOD_MATCH = YES;
				COPY_PHASE_STRIP = NO;
				DEBUG_INFORMATION_FORMAT = "dwarf-with-dsym";
				ENABLE_NS_ASSERTIONS = NO;
				ENABLE_STRICT_OBJC_MSGSEND = YES;
				GCC_C_LANGUAGE_STANDARD = gnu11;
				GCC_NO_COMMON_BLOCKS = YES;
				GCC_WARN_64_TO_32_BIT_CONVERSION = YES;
				GCC_WARN_ABOUT_RETURN_TYPE = YES_ERROR;
				GCC_WARN_UNDECLARED_SELECTOR = YES;
				GCC_WARN_UNINITIALIZED_AUTOS = YES_AGGRESSIVE;
				GCC_WARN_UNUSED_FUNCTION = YES;
				GCC_WARN_UNUSED_VARIABLE = YES;
				IPHONEOS_DEPLOYMENT_TARGET = 16.2;
				MTL_ENABLE_DEBUG_INFO = NO;
				MTL_FAST_MATH = YES;
				SDKROOT = iphoneos;
				SWIFT_COMPILATION_MODE = wholemodule;
				SWIFT_OPTIMIZATION_LEVEL = "-O";
				VALIDATE_PRODUCT = YES;
			};
			name = Release;
		};
		05A89B9629736B9F00E484DB /* Debug */ = {
			isa = XCBuildConfiguration;
			buildSettings = {
				ASSETCATALOG_COMPILER_APPICON_NAME = AppIcon;
				ASSETCATALOG_COMPILER_GLOBAL_ACCENT_COLOR_NAME = AccentColor;
				CODE_SIGN_STYLE = Automatic;
				CURRENT_PROJECT_VERSION = 1;
				DEVELOPMENT_TEAM = U5XJYGF797;
				GENERATE_INFOPLIST_FILE = YES;
				INFOPLIST_FILE = "I am poor/Info.plist";
				INFOPLIST_KEY_UIApplicationSupportsIndirectInputEvents = YES;
				INFOPLIST_KEY_UILaunchStoryboardName = LaunchScreen;
				INFOPLIST_KEY_UIMainStoryboardFile = Main;
				INFOPLIST_KEY_UISupportedInterfaceOrientations_iPad = "UIInterfaceOrientationPortrait UIInterfaceOrientationPortraitUpsideDown UIInterfaceOrientationLandscapeLeft UIInterfaceOrientationLandscapeRight";
				INFOPLIST_KEY_UISupportedInterfaceOrientations_iPhone = "UIInterfaceOrientationPortrait UIInterfaceOrientationLandscapeLeft UIInterfaceOrientationLandscapeRight";
				LD_RUNPATH_SEARCH_PATHS = (
					"$(inherited)",
					"@executable_path/Frameworks",
				);
				MARKETING_VERSION = 1.0;
				PRODUCT_BUNDLE_IDENTIFIER = "com.some.I-am-poor";
				PRODUCT_NAME = "$(TARGET_NAME)";
				SWIFT_EMIT_LOC_STRINGS = YES;
				SWIFT_VERSION = 5.0;
				TARGETED_DEVICE_FAMILY = "1,2";
			};
			name = Debug;
		};
		05A89B9729736B9F00E484DB /* Release */ = {
			isa = XCBuildConfiguration;
			buildSettings = {
				ASSETCATALOG_COMPILER_APPICON_NAME = AppIcon;
				ASSETCATALOG_COMPILER_GLOBAL_ACCENT_COLOR_NAME = AccentColor;
				CODE_SIGN_STYLE = Automatic;
				CURRENT_PROJECT_VERSION = 1;
				DEVELOPMENT_TEAM = U5XJYGF797;
				GENERATE_INFOPLIST_FILE = YES;
				INFOPLIST_FILE = "I am poor/Info.plist";
				INFOPLIST_KEY_UIApplicationSupportsIndirectInputEvents = YES;
				INFOPLIST_KEY_UILaunchStoryboardName = LaunchScreen;
				INFOPLIST_KEY_UIMainStoryboardFile = Main;
				INFOPLIST_KEY_UISupportedInterfaceOrientations_iPad = "UIInterfaceOrientationPortrait UIInterfaceOrientationPortraitUpsideDown UIInterfaceOrientationLandscapeLeft UIInterfaceOrientationLandscapeRight";
				INFOPLIST_KEY_UISupportedInterfaceOrientations_iPhone = "UIInterfaceOrientationPortrait UIInterfaceOrientationLandscapeLeft UIInterfaceOrientationLandscapeRight";
				LD_RUNPATH_SEARCH_PATHS = (
					"$(inherited)",
					"@executable_path/Frameworks",
				);
				MARKETING_VERSION = 1.0;
				PRODUCT_BUNDLE_IDENTIFIER = "com.some.I-am-poor";
				PRODUCT_NAME = "$(TARGET_NAME)";
				SWIFT_EMIT_LOC_STRINGS = YES;
				SWIFT_VERSION = 5.0;
				TARGETED_DEVICE_FAMILY = "1,2";
			};
			name = Release;
		};
		05A89B9929736B9F00E484DB /* Debug */ = {
			isa = XCBuildConfiguration;
			buildSettings = {
				ALWAYS_EMBED_SWIFT_STANDARD_LIBRARIES = YES;
				BUNDLE_LOADER = "$(TEST_HOST)";
				CODE_SIGN_STYLE = Automatic;
				CURRENT_PROJECT_VERSION = 1;
				DEVELOPMENT_TEAM = U5XJYGF797;
				GENERATE_INFOPLIST_FILE = YES;
				IPHONEOS_DEPLOYMENT_TARGET = 16.2;
				MARKETING_VERSION = 1.0;
				PRODUCT_BUNDLE_IDENTIFIER = "com.some.I-am-poorTests";
				PRODUCT_NAME = "$(TARGET_NAME)";
				SWIFT_EMIT_LOC_STRINGS = NO;
				SWIFT_VERSION = 5.0;
				TARGETED_DEVICE_FAMILY = "1,2";
				TEST_HOST = "$(BUILT_PRODUCTS_DIR)/I am poor.app/$(BUNDLE_EXECUTABLE_FOLDER_PATH)/I am poor";
			};
			name = Debug;
		};
		05A89B9A29736B9F00E484DB /* Release */ = {
			isa = XCBuildConfiguration;
			buildSettings = {
				ALWAYS_EMBED_SWIFT_STANDARD_LIBRARIES = YES;
				BUNDLE_LOADER = "$(TEST_HOST)";
				CODE_SIGN_STYLE = Automatic;
				CURRENT_PROJECT_VERSION = 1;
				DEVELOPMENT_TEAM = U5XJYGF797;
				GENERATE_INFOPLIST_FILE = YES;
				IPHONEOS_DEPLOYMENT_TARGET = 16.2;
				MARKETING_VERSION = 1.0;
				PRODUCT_BUNDLE_IDENTIFIER = "com.some.I-am-poorTests";
				PRODUCT_NAME = "$(TARGET_NAME)";
				SWIFT_EMIT_LOC_STRINGS = NO;
				SWIFT_VERSION = 5.0;
				TARGETED_DEVICE_FAMILY = "1,2";
				TEST_HOST = "$(BUILT_PRODUCTS_DIR)/I am poor.app/$(BUNDLE_EXECUTABLE_FOLDER_PATH)/I am poor";
			};
			name = Release;
		};
		05A89B9C29736B9F00E484DB /* Debug */ = {
			isa = XCBuildConfiguration;
			buildSettings = {
				ALWAYS_EMBED_SWIFT_STANDARD_LIBRARIES = YES;
				CODE_SIGN_STYLE = Automatic;
				CURRENT_PROJECT_VERSION = 1;
				DEVELOPMENT_TEAM = U5XJYGF797;
				GENERATE_INFOPLIST_FILE = YES;
				MARKETING_VERSION = 1.0;
				PRODUCT_BUNDLE_IDENTIFIER = "com.some.I-am-poorUITests";
				PRODUCT_NAME = "$(TARGET_NAME)";
				SWIFT_EMIT_LOC_STRINGS = NO;
				SWIFT_VERSION = 5.0;
				TARGETED_DEVICE_FAMILY = "1,2";
				TEST_TARGET_NAME = "I am poor";
			};
			name = Debug;
		};
		05A89B9D29736B9F00E484DB /* Release */ = {
			isa = XCBuildConfiguration;
			buildSettings = {
				ALWAYS_EMBED_SWIFT_STANDARD_LIBRARIES = YES;
				CODE_SIGN_STYLE = Automatic;
				CURRENT_PROJECT_VERSION = 1;
				DEVELOPMENT_TEAM = U5XJYGF797;
				GENERATE_INFOPLIST_FILE = YES;
				MARKETING_VERSION = 1.0;
				PRODUCT_BUNDLE_IDENTIFIER = "com.some.I-am-poorUITests";
				PRODUCT_NAME = "$(TARGET_NAME)";
				SWIFT_EMIT_LOC_STRINGS = NO;
				SWIFT_VERSION = 5.0;
				TARGETED_DEVICE_FAMILY = "1,2";
				TEST_TARGET_NAME = "I am poor";
			};
			name = Release;
		};
/* End XCBuildConfiguration section */

/* Begin XCConfigurationList section */
		05A89B6629736B9D00E484DB /* Build configuration list for PBXProject "I am poor" */ = {
			isa = XCConfigurationList;
			buildConfigurations = (
				05A89B9329736B9F00E484DB /* Debug */,
				05A89B9429736B9F00E484DB /* Release */,
			);
			defaultConfigurationIsVisible = 0;
			defaultConfigurationName = Release;
		};
		05A89B9529736B9F00E484DB /* Build configuration list for PBXNativeTarget "I am poor" */ = {
			isa = XCConfigurationList;
			buildConfigurations = (
				05A89B9629736B9F00E484DB /* Debug */,
				05A89B9729736B9F00E484DB /* Release */,
			);
			defaultConfigurationIsVisible = 0;
			defaultConfigurationName = Release;
		};
		05A89B9829736B9F00E484DB /* Build configuration list for PBXNativeTarget "I am poorTests" */ = {
			isa = XCConfigurationList;
			buildConfigurations = (
				05A89B9929736B9F00E484DB /* Debug */,
				05A89B9A29736B9F00E484DB /* Release */,
			);
			defaultConfigurationIsVisible = 0;
			defaultConfigurationName = Release;
		};
		05A89B9B29736B9F00E484DB /* Build configuration list for PBXNativeTarget "I am poorUITests" */ = {
			isa = XCConfigurationList;
			buildConfigurations = (
				05A89B9C29736B9F00E484DB /* Debug */,
				05A89B9D29736B9F00E484DB /* Release */,
			);
			defaultConfigurationIsVisible = 0;
			defaultConfigurationName = Release;
		};
/* End XCConfigurationList section */
	};
	rootObject = 05A89B6329736B9D00E484DB /* Project object */;
}
